// !$*UTF8*$!
{
	archiveVersion = 1;
	classes = {
	};
	objectVersion = 46;
	objects = {

/* Begin PBXBuildFile section */
		5A134B6C1F8B3761000DE517 /* bfs.cpp in Sources */ = {isa = PBXBuildFile; fileRef = 5A134B6A1F8B3761000DE517 /* bfs.cpp */; };
		5A134B6F1F8B613A000DE517 /* heuristic.cpp in Sources */ = {isa = PBXBuildFile; fileRef = 5A134B6D1F8B613A000DE517 /* heuristic.cpp */; };
		5A134B721F8B6D7C000DE517 /* component.cpp in Sources */ = {isa = PBXBuildFile; fileRef = 5A134B701F8B6D7C000DE517 /* component.cpp */; };
		5A8020221F88FF490035A57B /* main.cpp in Sources */ = {isa = PBXBuildFile; fileRef = 5A8020211F88FF490035A57B /* main.cpp */; };
		5A80202A1F88FF6A0035A57B /* dfs.cpp in Sources */ = {isa = PBXBuildFile; fileRef = 5A8020281F88FF6A0035A57B /* dfs.cpp */; };
/* End PBXBuildFile section */

/* Begin PBXCopyFilesBuildPhase section */
		5A80201C1F88FF490035A57B /* CopyFiles */ = {
			isa = PBXCopyFilesBuildPhase;
			buildActionMask = 2147483647;
			dstPath = /usr/share/man/man1/;
			dstSubfolderSpec = 0;
			files = (
			);
			runOnlyForDeploymentPostprocessing = 1;
		};
/* End PBXCopyFilesBuildPhase section */

/* Begin PBXFileReference section */
		5A134B6A1F8B3761000DE517 /* bfs.cpp */ = {isa = PBXFileReference; lastKnownFileType = sourcecode.cpp.cpp; path = bfs.cpp; sourceTree = "<group>"; };
		5A134B6B1F8B3761000DE517 /* bfs.hpp */ = {isa = PBXFileReference; lastKnownFileType = sourcecode.cpp.h; path = bfs.hpp; sourceTree = "<group>"; };
		5A134B6D1F8B613A000DE517 /* heuristic.cpp */ = {isa = PBXFileReference; lastKnownFileType = sourcecode.cpp.cpp; path = heuristic.cpp; sourceTree = "<group>"; };
		5A134B6E1F8B613A000DE517 /* heuristic.hpp */ = {isa = PBXFileReference; lastKnownFileType = sourcecode.cpp.h; path = heuristic.hpp; sourceTree = "<group>"; };
		5A134B701F8B6D7C000DE517 /* component.cpp */ = {isa = PBXFileReference; lastKnownFileType = sourcecode.cpp.cpp; path = component.cpp; sourceTree = "<group>"; };
		5A134B711F8B6D7C000DE517 /* component.hpp */ = {isa = PBXFileReference; lastKnownFileType = sourcecode.cpp.h; path = component.hpp; sourceTree = "<group>"; };
		5A80201E1F88FF490035A57B /* AIhomework1 */ = {isa = PBXFileReference; explicitFileType = "compiled.mach-o.executable"; includeInIndex = 0; path = AIhomework1; sourceTree = BUILT_PRODUCTS_DIR; };
		5A8020211F88FF490035A57B /* main.cpp */ = {isa = PBXFileReference; lastKnownFileType = sourcecode.cpp.cpp; path = main.cpp; sourceTree = "<group>"; };
		5A8020281F88FF6A0035A57B /* dfs.cpp */ = {isa = PBXFileReference; fileEncoding = 4; lastKnownFileType = sourcecode.cpp.cpp; path = dfs.cpp; sourceTree = "<group>"; };
		5A8020291F88FF6A0035A57B /* dfs.hpp */ = {isa = PBXFileReference; fileEncoding = 4; lastKnownFileType = sourcecode.cpp.h; path = dfs.hpp; sourceTree = "<group>"; };
/* End PBXFileReference section */

/* Begin PBXFrameworksBuildPhase section */
		5A80201B1F88FF490035A57B /* Frameworks */ = {
			isa = PBXFrameworksBuildPhase;
			buildActionMask = 2147483647;
			files = (
			);
			runOnlyForDeploymentPostprocessing = 0;
		};
/* End PBXFrameworksBuildPhase section */

/* Begin PBXGroup section */
		5A8020151F88FF490035A57B = {
			isa = PBXGroup;
			children = (
				5A8020201F88FF490035A57B /* AIhomework1 */,
				5A80201F1F88FF490035A57B /* Products */,
			);
			sourceTree = "<group>";
		};
		5A80201F1F88FF490035A57B /* Products */ = {
			isa = PBXGroup;
			children = (
				5A80201E1F88FF490035A57B /* AIhomework1 */,
			);
			name = Products;
			sourceTree = "<group>";
		};
		5A8020201F88FF490035A57B /* AIhomework1 */ = {
			isa = PBXGroup;
			children = (
				5A8020211F88FF490035A57B /* main.cpp */,
				5A8020281F88FF6A0035A57B /* dfs.cpp */,
				5A8020291F88FF6A0035A57B /* dfs.hpp */,
				5A134B6A1F8B3761000DE517 /* bfs.cpp */,
				5A134B6B1F8B3761000DE517 /* bfs.hpp */,
				5A134B6D1F8B613A000DE517 /* heuristic.cpp */,
				5A134B6E1F8B613A000DE517 /* heuristic.hpp */,
				5A134B701F8B6D7C000DE517 /* component.cpp */,
				5A134B711F8B6D7C000DE517 /* component.hpp */,
			);
			path = AIhomework1;
			sourceTree = "<group>";
		};
/* End PBXGroup section */

/* Begin PBXNativeTarget section */
		5A80201D1F88FF490035A57B /* AIhomework1 */ = {
			isa = PBXNativeTarget;
			buildConfigurationList = 5A8020251F88FF490035A57B /* Build configuration list for PBXNativeTarget "AIhomework1" */;
			buildPhases = (
				5A80201A1F88FF490035A57B /* Sources */,
				5A80201B1F88FF490035A57B /* Frameworks */,
				5A80201C1F88FF490035A57B /* CopyFiles */,
			);
			buildRules = (
			);
			dependencies = (
			);
			name = AIhomework1;
			productName = AIhomework1;
			productReference = 5A80201E1F88FF490035A57B /* AIhomework1 */;
			productType = "com.apple.product-type.tool";
		};
/* End PBXNativeTarget section */

/* Begin PBXProject section */
		5A8020161F88FF490035A57B /* Project object */ = {
			isa = PBXProject;
			attributes = {
				LastUpgradeCheck = 0830;
				ORGANIZATIONNAME = "刘驭壬";
				TargetAttributes = {
					5A80201D1F88FF490035A57B = {
						CreatedOnToolsVersion = 8.3.3;
						ProvisioningStyle = Automatic;
					};
				};
			};
			buildConfigurationList = 5A8020191F88FF490035A57B /* Build configuration list for PBXProject "AIhomework1" */;
			compatibilityVersion = "Xcode 3.2";
			developmentRegion = English;
			hasScannedForEncodings = 0;
			knownRegions = (
				en,
			);
			mainGroup = 5A8020151F88FF490035A57B;
			productRefGroup = 5A80201F1F88FF490035A57B /* Products */;
			projectDirPath = "";
			projectRoot = "";
			targets = (
				5A80201D1F88FF490035A57B /* AIhomework1 */,
			);
		};
/* End PBXProject section */

/* Begin PBXSourcesBuildPhase section */
		5A80201A1F88FF490035A57B /* Sources */ = {
			isa = PBXSourcesBuildPhase;
			buildActionMask = 2147483647;
			files = (
				5A134B721F8B6D7C000DE517 /* component.cpp in Sources */,
				5A134B6C1F8B3761000DE517 /* bfs.cpp in Sources */,
				5A8020221F88FF490035A57B /* main.cpp in Sources */,
				5A134B6F1F8B613A000DE517 /* heuristic.cpp in Sources */,
				5A80202A1F88FF6A0035A57B /* dfs.cpp in Sources */,
			);
			runOnlyForDeploymentPostprocessing = 0;
		};
/* End PBXSourcesBuildPhase section */

/* Begin XCBuildConfiguration section */
		5A8020231F88FF490035A57B /* Debug */ = {
			isa = XCBuildConfiguration;
			buildSettings = {
				ALWAYS_SEARCH_USER_PATHS = NO;
				CLANG_ANALYZER_NONNULL = YES;
				CLANG_ANALYZER_NUMBER_OBJECT_CONVERSION = YES_AGGRESSIVE;
				CLANG_CXX_LANGUAGE_STANDARD = "gnu++0x";
				CLANG_CXX_LIBRARY = "libc++";
				CLANG_ENABLE_MODULES = YES;
				CLANG_ENABLE_OBJC_ARC = YES;
				CLANG_WARN_BOOL_CONVERSION = YES;
				CLANG_WARN_CONSTANT_CONVERSION = YES;
				CLANG_WARN_DIRECT_OBJC_ISA_USAGE = YES_ERROR;
				CLANG_WARN_DOCUMENTATION_COMMENTS = YES;
				CLANG_WARN_EMPTY_BODY = YES;
				CLANG_WARN_ENUM_CONVERSION = YES;
				CLANG_WARN_INFINITE_RECURSION = YES;
				CLANG_WARN_INT_CONVERSION = YES;
				CLANG_WARN_OBJC_ROOT_CLASS = YES_ERROR;
				CLANG_WARN_SUSPICIOUS_MOVE = YES;
				CLANG_WARN_UNREACHABLE_CODE = YES;
				CLANG_WARN__DUPLICATE_METHOD_MATCH = YES;
				CODE_SIGN_IDENTITY = "-";
				COPY_PHASE_STRIP = NO;
				DEBUG_INFORMATION_FORMAT = dwarf;
				ENABLE_STRICT_OBJC_MSGSEND = YES;
				ENABLE_TESTABILITY = YES;
				GCC_C_LANGUAGE_STANDARD = gnu99;
				GCC_DYNAMIC_NO_PIC = NO;
				GCC_NO_COMMON_BLOCKS = YES;
				GCC_OPTIMIZATION_LEVEL = 0;
				GCC_PREPROCESSOR_DEFINITIONS = (
					"DEBUG=1",
					"$(inherited)",
				);
				GCC_WARN_64_TO_32_BIT_CONVERSION = YES;
				GCC_WARN_ABOUT_RETURN_TYPE = YES_ERROR;
				GCC_WARN_UNDECLARED_SELECTOR = YES;
				GCC_WARN_UNINITIALIZED_AUTOS = YES_AGGRESSIVE;
				GCC_WARN_UNUSED_FUNCTION = YES;
				GCC_WARN_UNUSED_VARIABLE = YES;
				MACOSX_DEPLOYMENT_TARGET = 10.12;
				MTL_ENABLE_DEBUG_INFO = YES;
				ONLY_ACTIVE_ARCH = YES;
				SDKROOT = macosx;
			};
			name = Debug;
		};
		5A8020241F88FF490035A57B /* Release */ = {
			isa = XCBuildConfiguration;
			buildSettings = {
				ALWAYS_SEARCH_USER_PATHS = NO;
				CLANG_ANALYZER_NONNULL = YES;
				CLANG_ANALYZER_NUMBER_OBJECT_CONVERSION = YES_AGGRESSIVE;
				CLANG_CXX_LANGUAGE_STANDARD = "gnu++0x";
				CLANG_CXX_LIBRARY = "libc++";
				CLANG_ENABLE_MODULES = YES;
				CLANG_ENABLE_OBJC_ARC = YES;
				CLANG_WARN_BOOL_CONVERSION = YES;
				CLANG_WARN_CONSTANT_CONVERSION = YES;
				CLANG_WARN_DIRECT_OBJC_ISA_USAGE = YES_ERROR;
				CLANG_WARN_DOCUMENTATION_COMMENTS = YES;
				CLANG_WARN_EMPTY_BODY = YES;
				CLANG_WARN_ENUM_CONVERSION = YES;
				CLANG_WARN_INFINITE_RECURSION = YES;
				CLANG_WARN_INT_CONVERSION = YES;
				CLANG_WARN_OBJC_ROOT_CLASS = YES_ERROR;
				CLANG_WARN_SUSPICIOUS_MOVE = YES;
				CLANG_WARN_UNREACHABLE_CODE = YES;
				CLANG_WARN__DUPLICATE_METHOD_MATCH = YES;
				CODE_SIGN_IDENTITY = "-";
				COPY_PHASE_STRIP = NO;
				DEBUG_INFORMATION_FORMAT = "dwarf-with-dsym";
				ENABLE_NS_ASSERTIONS = NO;
				ENABLE_STRICT_OBJC_MSGSEND = YES;
				GCC_C_LANGUAGE_STANDARD = gnu99;
				GCC_NO_COMMON_BLOCKS = YES;
				GCC_WARN_64_TO_32_BIT_CONVERSION = YES;
				GCC_WARN_ABOUT_RETURN_TYPE = YES_ERROR;
				GCC_WARN_UNDECLARED_SELECTOR = YES;
				GCC_WARN_UNINITIALIZED_AUTOS = YES_AGGRESSIVE;
				GCC_WARN_UNUSED_FUNCTION = YES;
				GCC_WARN_UNUSED_VARIABLE = YES;
				MACOSX_DEPLOYMENT_TARGET = 10.12;
				MTL_ENABLE_DEBUG_INFO = NO;
				SDKROOT = macosx;
			};
			name = Release;
		};
		5A8020261F88FF490035A57B /* Debug */ = {
			isa = XCBuildConfiguration;
			buildSettings = {
				PRODUCT_NAME = "$(TARGET_NAME)";
			};
			name = Debug;
		};
		5A8020271F88FF490035A57B /* Release */ = {
			isa = XCBuildConfiguration;
			buildSettings = {
				PRODUCT_NAME = "$(TARGET_NAME)";
			};
			name = Release;
		};
/* End XCBuildConfiguration section */

/* Begin XCConfigurationList section */
		5A8020191F88FF490035A57B /* Build configuration list for PBXProject "AIhomework1" */ = {
			isa = XCConfigurationList;
			buildConfigurations = (
				5A8020231F88FF490035A57B /* Debug */,
				5A8020241F88FF490035A57B /* Release */,
			);
			defaultConfigurationIsVisible = 0;
			defaultConfigurationName = Release;
		};
		5A8020251F88FF490035A57B /* Build configuration list for PBXNativeTarget "AIhomework1" */ = {
			isa = XCConfigurationList;
			buildConfigurations = (
				5A8020261F88FF490035A57B /* Debug */,
				5A8020271F88FF490035A57B /* Release */,
			);
			defaultConfigurationIsVisible = 0;
			defaultConfigurationName = Release;
		};
/* End XCConfigurationList section */
	};
	rootObject = 5A8020161F88FF490035A57B /* Project object */;
}
